{
  "name": "rqml-vscode-monorepo",
  "lockfileVersion": 3,
  "requires": true,
  "packages": {
    "": {
      "name": "rqml-vscode-monorepo",
      "dependencies": {
        "@ai-sdk/deepseek": "^2.0.29",
        "@ai-sdk/groq": "^3.0.35",
        "@ai-sdk/mistral": "^3.0.30",
        "@ai-sdk/perplexity": "^3.0.29",
        "@ai-sdk/xai": "^3.0.83"
      }
    },
    "node_modules/@ai-sdk/deepseek": {
      "version": "2.0.29",
      "resolved": "https://registry.npmjs.org/@ai-sdk/deepseek/-/deepseek-2.0.29.tgz",
      "integrity": "sha512-cn4+xV0menm/4JKEDElnVGiUilHvi6AD4ZK/sY7DXP/Wb7Yb3Vr86NyYM6mGBE/Shk3mWHoHbzggVnF5x0uMEA==",
      "license": "Apache-2.0",
      "dependencies": {
        "@ai-sdk/provider": "3.0.8",
        "@ai-sdk/provider-utils": "4.0.23"
      },
      "engines": {
        "node": ">=18"
      },
      "peerDependencies": {
        "zod": "^3.25.76 || ^4.1.8"
      }
    },
    "node_modules/@ai-sdk/groq": {
      "version": "3.0.35",
      "resolved": "https://registry.npmjs.org/@ai-sdk/groq/-/groq-3.0.35.tgz",
      "integrity": "sha512-LXoPwSKaqXst9LyLN2J7gK8n7RldQLbP2zsnBYxXcOsXKrtceksqtbsmGXujvab2TM9FisquAw/ZG2hTbD5vnQ==",
      "license": "Apache-2.0",
      "dependencies": {
        "@ai-sdk/provider": "3.0.8",
        "@ai-sdk/provider-utils": "4.0.23"
      },
      "engines": {
        "node": ">=18"
      },
      "peerDependencies": {
        "zod": "^3.25.76 || ^4.1.8"
      }
    },
    "node_modules/@ai-sdk/mistral": {
      "version": "3.0.30",
      "resolved": "https://registry.npmjs.org/@ai-sdk/mistral/-/mistral-3.0.30.tgz",
      "integrity": "sha512-+j4IXRSk9E661cFSafmIr+XHOzwjFagawwzMOlSqwL6U4Sq4PCFLDF+oHbX5NUqNjUL7FD1zi/9lBIfa41pUvw==",
      "license": "Apache-2.0",
      "dependencies": {
        "@ai-sdk/provider": "3.0.8",
        "@ai-sdk/provider-utils": "4.0.23"
      },
      "engines": {
        "node": ">=18"
      },
      "peerDependencies": {
        "zod": "^3.25.76 || ^4.1.8"
      }
    },
    "node_modules/@ai-sdk/openai-compatible": {
      "version": "2.0.41",
      "resolved": "https://registry.npmjs.org/@ai-sdk/openai-compatible/-/openai-compatible-2.0.41.tgz",
      "integrity": "sha512-kNAGINk71AlOXx10Dq/PXw4t/9XjdK8uxfpVElRwtSFMdeSiLVt58p9TPx4/FJD+hxZuVhvxYj9r42osxWq79g==",
      "license": "Apache-2.0",
      "dependencies": {
        "@ai-sdk/provider": "3.0.8",
        "@ai-sdk/provider-utils": "4.0.23"
      },
      "engines": {
        "node": ">=18"
      },
      "peerDependencies": {
        "zod": "^3.25.76 || ^4.1.8"
      }
    },
    "node_modules/@ai-sdk/perplexity": {
      "version": "3.0.29",
      "resolved": "https://registry.npmjs.org/@ai-sdk/perplexity/-/perplexity-3.0.29.tgz",
      "integrity": "sha512-9UfV7ywpnxNLPI/hdheFPHXDdLG9vLqNoPSdRTPV+nPAX117zMtBmqD5KSvmXTjeF7IXpObUZ9bWzwMR/ewL1g==",
      "license": "Apache-2.0",
      "dependencies": {
        "@ai-sdk/provider": "3.0.8",
        "@ai-sdk/provider-utils": "4.0.23"
      },
      "engines": {
        "node": ">=18"
      },
      "peerDependencies": {
        "zod": "^3.25.76 || ^4.1.8"
      }
    },
    "node_modules/@ai-sdk/provider": {
      "version": "3.0.8",
      "resolved": "https://registry.npmjs.org/@ai-sdk/provider/-/provider-3.0.8.tgz",
      "integrity": "sha512-oGMAgGoQdBXbZqNG0Ze56CHjDZ1IDYOwGYxYjO5KLSlz5HiNQ9udIXsPZ61VWaHGZ5XW/jyjmr6t2xz2jGVwbQ==",
      "license": "Apache-2.0",
      "dependencies": {
        "json-schema": "^0.4.0"
      },
      "engines": {
        "node": ">=18"
      }
    },
    "node_modules/@ai-sdk/provider-utils": {
      "version": "4.0.23",
      "resolved": "https://registry.npmjs.org/@ai-sdk/provider-utils/-/provider-utils-4.0.23.tgz",
      "integrity": "sha512-z8GlDaCmRSDlqkMF2f4/RFgWxdarvIbyuk+m6WXT1LYgsnGiXRJGTD2Z1+SDl3LqtFuRtGX1aghYvQLoHL/9pg==",
      "license": "Apache-2.0",
      "dependencies": {
        "@ai-sdk/provider": "3.0.8",
        "@standard-schema/spec": "^1.1.0",
        "eventsource-parser": "^3.0.6"
      },
      "engines": {
        "node": ">=18"
      },
      "peerDependencies": {
        "zod": "^3.25.76 || ^4.1.8"
      }
    },
    "node_modules/@ai-sdk/xai": {
      "version": "3.0.83",
      "resolved": "https://registry.npmjs.org/@ai-sdk/xai/-/xai-3.0.83.tgz",
      "integrity": "sha512-SuQz68BZGeuZjrSUJAzku97IlhdiNJJBsvG/Tvm3K2tuxkBS7TJq0fH4/AzAM7w2H2jxVUgboP7kRR6IfpRxcg==",
      "license": "Apache-2.0",
      "dependencies": {
        "@ai-sdk/openai-compatible": "2.0.41",
        "@ai-sdk/provider": "3.0.8",
        "@ai-sdk/provider-utils": "4.0.23"
      },
      "engines": {
        "node": ">=18"
      },
      "peerDependencies": {
        "zod": "^3.25.76 || ^4.1.8"
      }
    },
    "node_modules/@standard-schema/spec": {
      "version": "1.1.0",
      "resolved": "https://registry.npmjs.org/@standard-schema/spec/-/spec-1.1.0.tgz",
      "integrity": "sha512-l2aFy5jALhniG5HgqrD6jXLi/rUWrKvqN/qJx6yoJsgKhblVd+iqqU4RCXavm/jPityDo5TCvKMnpjKnOriy0w==",
      "license": "MIT"
    },
    "node_modules/eventsource-parser": {
      "version": "3.0.8",
      "resolved": "https://registry.npmjs.org/eventsource-parser/-/eventsource-parser-3.0.8.tgz",
      "integrity": "sha512-70QWGkr4snxr0OXLRWsFLeRBIRPuQOvt4s8QYjmUlmlkyTZkRqS7EDVRZtzU3TiyDbXSzaOeF0XUKy8PchzukQ==",
      "license": "MIT",
      "engines": {
        "node": ">=18.0.0"
      }
    },
    "node_modules/json-schema": {
      "version": "0.4.0",
      "resolved": "https://registry.npmjs.org/json-schema/-/json-schema-0.4.0.tgz",
      "integrity": "sha512-es94M3nTIfsEPisRafak+HDLfHXnKBhV3vU5eqPcS3flIWqcxJWgXHXiey3YrpaNsanY5ei1VoYEbOzijuq9BA==",
      "license": "(AFL-2.1 OR BSD-3-Clause)"
    },
    "node_modules/zod": {
      "version": "4.3.6",
      "resolved": "https://registry.npmjs.org/zod/-/zod-4.3.6.tgz",
      "integrity": "sha512-rftlrkhHZOcjDwkGlnUtZZkvaPHCsDATp4pGpuOOMDaTdDDXF91wuVDJoWoPsKX/3YPQ5fHuF3STjcYyKr+Qhg==",
      "license": "MIT",
      "peer": true,
      "funding": {
        "url": "https://github.com/sponsors/colinhacks"
      }
    }
  }
}
